
Microsoft Visual Studio Solution File, Format Version 12.00
# Visual Studio Version 16
VisualStudioVersion = 16.0.30907.101
MinimumVisualStudioVersion = 10.0.40219.1
Project("{8BC9CEB8-8B4A-11D0-8D11-00A0C91BC942}") = "pasko_01", "pasko_01\pasko_01.vcxproj", "{4407B67D-3FB5-421F-82A7-F5F06ADC79B7}"
EndProject
Project("{8BC9CEB8-8B4A-11D0-8D11-00A0C91BC942}") = "pasko_01_test", "pasko_01_test\pasko_01_test.vcxproj", "{02C98CD4-9CEF-4BBB-B8F3-FABE44AD5EBD}"
EndProject
Project("{8BC9CEB8-8B4A-11D0-8D11-00A0C91BC942}") = "pasko_02", "pasko_02\pasko_02.vcxproj", "{3010C469-8E65-4E05-AC06-AB9B636F0B1D}"
EndProject
Project("{8BC9CEB8-8B4A-11D0-8D11-00A0C91BC942}") = "pasko_14", "pasko_14\pasko_14.vcxproj", "{10580C16-A3BD-4C1A-A5E7-0EF6FBE6B8CD}"
EndProject
Project("{8BC9CEB8-8B4A-11D0-8D11-00A0C91BC942}") = "lab_20", "lab_20\lab_20.vcxproj", "{DA8C4B80-86D8-4B8B-8DE5-4B53091DFA88}"
EndProject
Project("{8BC9CEB8-8B4A-11D0-8D11-00A0C91BC942}") = "pasko_21", "pasko_21\pasko_21.vcxproj", "{F557DA7F-9DB7-4B19-8D87-24EF39F219D9}"
	ProjectSection(ProjectDependencies) = postProject
		{CE91CDEF-C29E-4F4A-BA3D-E3D9543DE727} = {CE91CDEF-C29E-4F4A-BA3D-E3D9543DE727}
	EndProjectSection
EndProject
Project("{8BC9CEB8-8B4A-11D0-8D11-00A0C91BC942}") = "CalcDll", "CalcDll\CalcDll.vcxproj", "{CE91CDEF-C29E-4F4A-BA3D-E3D9543DE727}"
EndProject
Project("{8BC9CEB8-8B4A-11D0-8D11-00A0C91BC942}") = "pasko_22", "pasko_22\pasko_22.vcxproj", "{D4FCC2AB-56E7-4029-819D-4B79E3FE800B}"
EndProject
Project("{8BC9CEB8-8B4A-11D0-8D11-00A0C91BC942}") = "pasko_23", "pasko_23\pasko_23.vcxproj", "{053A0704-3AF3-4114-B2D7-80F94CF270B7}"
EndProject
Project("{8BC9CEB8-8B4A-11D0-8D11-00A0C91BC942}") = "pasko_24", "pasko_24\pasko_24.vcxproj", "{E76ABFFF-A0D4-4175-9DA2-74D109C6FAD0}"
EndProject
Project("{8BC9CEB8-8B4A-11D0-8D11-00A0C91BC942}") = "pasko_19", "pasko_19\pasko_19.vcxproj", "{4D394C33-64B6-430E-87F5-3C8BD769C926}"
EndProject
Global
	GlobalSection(SolutionConfigurationPlatforms) = preSolution
		Debug|x64 = Debug|x64
		Debug|x86 = Debug|x86
		Release|x64 = Release|x64
		Release|x86 = Release|x86
	EndGlobalSection
	GlobalSection(ProjectConfigurationPlatforms) = postSolution
		{4407B67D-3FB5-421F-82A7-F5F06ADC79B7}.Debug|x64.ActiveCfg = Debug|x64
		{4407B67D-3FB5-421F-82A7-F5F06ADC79B7}.Debug|x64.Build.0 = Debug|x64
		{4407B67D-3FB5-421F-82A7-F5F06ADC79B7}.Debug|x86.ActiveCfg = Debug|Win32
		{4407B67D-3FB5-421F-82A7-F5F06ADC79B7}.Debug|x86.Build.0 = Debug|Win32
		{4407B67D-3FB5-421F-82A7-F5F06ADC79B7}.Release|x64.ActiveCfg = Release|x64
		{4407B67D-3FB5-421F-82A7-F5F06ADC79B7}.Release|x64.Build.0 = Release|x64
		{4407B67D-3FB5-421F-82A7-F5F06ADC79B7}.Release|x86.ActiveCfg = Release|Win32
		{4407B67D-3FB5-421F-82A7-F5F06ADC79B7}.Release|x86.Build.0 = Release|Win32
		{02C98CD4-9CEF-4BBB-B8F3-FABE44AD5EBD}.Debug|x64.ActiveCfg = Debug|x64
		{02C98CD4-9CEF-4BBB-B8F3-FABE44AD5EBD}.Debug|x64.Build.0 = Debug|x64
		{02C98CD4-9CEF-4BBB-B8F3-FABE44AD5EBD}.Debug|x86.ActiveCfg = Debug|Win32
		{02C98CD4-9CEF-4BBB-B8F3-FABE44AD5EBD}.Debug|x86.Build.0 = Debug|Win32
		{02C98CD4-9CEF-4BBB-B8F3-FABE44AD5EBD}.Release|x64.ActiveCfg = Release|x64
		{02C98CD4-9CEF-4BBB-B8F3-FABE44AD5EBD}.Release|x64.Build.0 = Release|x64
		{02C98CD4-9CEF-4BBB-B8F3-FABE44AD5EBD}.Release|x86.ActiveCfg = Release|Win32
		{02C98CD4-9CEF-4BBB-B8F3-FABE44AD5EBD}.Release|x86.Build.0 = Release|Win32
		{3010C469-8E65-4E05-AC06-AB9B636F0B1D}.Debug|x64.ActiveCfg = Debug|x64
		{3010C469-8E65-4E05-AC06-AB9B636F0B1D}.Debug|x64.Build.0 = Debug|x64
		{3010C469-8E65-4E05-AC06-AB9B636F0B1D}.Debug|x86.ActiveCfg = Debug|Win32
		{3010C469-8E65-4E05-AC06-AB9B636F0B1D}.Debug|x86.Build.0 = Debug|Win32
		{3010C469-8E65-4E05-AC06-AB9B636F0B1D}.Release|x64.ActiveCfg = Release|x64
		{3010C469-8E65-4E05-AC06-AB9B636F0B1D}.Release|x64.Build.0 = Release|x64
		{3010C469-8E65-4E05-AC06-AB9B636F0B1D}.Release|x86.ActiveCfg = Release|Win32
		{3010C469-8E65-4E05-AC06-AB9B636F0B1D}.Release|x86.Build.0 = Release|Win32
		{10580C16-A3BD-4C1A-A5E7-0EF6FBE6B8CD}.Debug|x64.ActiveCfg = Debug|x64
		{10580C16-A3BD-4C1A-A5E7-0EF6FBE6B8CD}.Debug|x64.Build.0 = Debug|x64
		{10580C16-A3BD-4C1A-A5E7-0EF6FBE6B8CD}.Debug|x86.ActiveCfg = Debug|Win32
		{10580C16-A3BD-4C1A-A5E7-0EF6FBE6B8CD}.Debug|x86.Build.0 = Debug|Win32
		{10580C16-A3BD-4C1A-A5E7-0EF6FBE6B8CD}.Release|x64.ActiveCfg = Release|x64
		{10580C16-A3BD-4C1A-A5E7-0EF6FBE6B8CD}.Release|x64.Build.0 = Release|x64
		{10580C16-A3BD-4C1A-A5E7-0EF6FBE6B8CD}.Release|x86.ActiveCfg = Release|Win32
		{10580C16-A3BD-4C1A-A5E7-0EF6FBE6B8CD}.Release|x86.Build.0 = Release|Win32
		{DA8C4B80-86D8-4B8B-8DE5-4B53091DFA88}.Debug|x64.ActiveCfg = Debug|x64
		{DA8C4B80-86D8-4B8B-8DE5-4B53091DFA88}.Debug|x64.Build.0 = Debug|x64
		{DA8C4B80-86D8-4B8B-8DE5-4B53091DFA88}.Debug|x86.ActiveCfg = Debug|Win32
		{DA8C4B80-86D8-4B8B-8DE5-4B53091DFA88}.Debug|x86.Build.0 = Debug|Win32
		{DA8C4B80-86D8-4B8B-8DE5-4B53091DFA88}.Release|x64.ActiveCfg = Release|x64
		{DA8C4B80-86D8-4B8B-8DE5-4B53091DFA88}.Release|x64.Build.0 = Release|x64
		{DA8C4B80-86D8-4B8B-8DE5-4B53091DFA88}.Release|x86.ActiveCfg = Release|Win32
		{DA8C4B80-86D8-4B8B-8DE5-4B53091DFA88}.Release|x86.Build.0 = Release|Win32
		{F557DA7F-9DB7-4B19-8D87-24EF39F219D9}.Debug|x64.ActiveCfg = Debug|x64
		{F557DA7F-9DB7-4B19-8D87-24EF39F219D9}.Debug|x64.Build.0 = Debug|x64
		{F557DA7F-9DB7-4B19-8D87-24EF39F219D9}.Debug|x86.ActiveCfg = Debug|Win32
		{F557DA7F-9DB7-4B19-8D87-24EF39F219D9}.Debug|x86.Build.0 = Debug|Win32
		{F557DA7F-9DB7-4B19-8D87-24EF39F219D9}.Release|x64.ActiveCfg = Release|x64
		{F557DA7F-9DB7-4B19-8D87-24EF39F219D9}.Release|x64.Build.0 = Release|x64
		{F557DA7F-9DB7-4B19-8D87-24EF39F219D9}.Release|x86.ActiveCfg = Release|Win32
		{F557DA7F-9DB7-4B19-8D87-24EF39F219D9}.Release|x86.Build.0 = Release|Win32
		{CE91CDEF-C29E-4F4A-BA3D-E3D9543DE727}.Debug|x64.ActiveCfg = Debug|x64
		{CE91CDEF-C29E-4F4A-BA3D-E3D9543DE727}.Debug|x64.Build.0 = Debug|x64
		{CE91CDEF-C29E-4F4A-BA3D-E3D9543DE727}.Debug|x86.ActiveCfg = Debug|Win32
		{CE91CDEF-C29E-4F4A-BA3D-E3D9543DE727}.Debug|x86.Build.0 = Debug|Win32
		{CE91CDEF-C29E-4F4A-BA3D-E3D9543DE727}.Release|x64.ActiveCfg = Release|x64
		{CE91CDEF-C29E-4F4A-BA3D-E3D9543DE727}.Release|x64.Build.0 = Release|x64
		{CE91CDEF-C29E-4F4A-BA3D-E3D9543DE727}.Release|x86.ActiveCfg = Release|Win32
		{CE91CDEF-C29E-4F4A-BA3D-E3D9543DE727}.Release|x86.Build.0 = Release|Win32
		{D4FCC2AB-56E7-4029-819D-4B79E3FE800B}.Debug|x64.ActiveCfg = Debug|x64
		{D4FCC2AB-56E7-4029-819D-4B79E3FE800B}.Debug|x64.Build.0 = Debug|x64
		{D4FCC2AB-56E7-4029-819D-4B79E3FE800B}.Debug|x86.ActiveCfg = Debug|Win32
		{D4FCC2AB-56E7-4029-819D-4B79E3FE800B}.Debug|x86.Build.0 = Debug|Win32
		{D4FCC2AB-56E7-4029-819D-4B79E3FE800B}.Release|x64.ActiveCfg = Release|x64
		{D4FCC2AB-56E7-4029-819D-4B79E3FE800B}.Release|x64.Build.0 = Release|x64
		{D4FCC2AB-56E7-4029-819D-4B79E3FE800B}.Release|x86.ActiveCfg = Release|Win32
		{D4FCC2AB-56E7-4029-819D-4B79E3FE800B}.Release|x86.Build.0 = Release|Win32
		{053A0704-3AF3-4114-B2D7-80F94CF270B7}.Debug|x64.ActiveCfg = Debug|x64
		{053A0704-3AF3-4114-B2D7-80F94CF270B7}.Debug|x64.Build.0 = Debug|x64
		{053A0704-3AF3-4114-B2D7-80F94CF270B7}.Debug|x86.ActiveCfg = Debug|Win32
		{053A0704-3AF3-4114-B2D7-80F94CF270B7}.Debug|x86.Build.0 = Debug|Win32
		{053A0704-3AF3-4114-B2D7-80F94CF270B7}.Release|x64.ActiveCfg = Release|x64
		{053A0704-3AF3-4114-B2D7-80F94CF270B7}.Release|x64.Build.0 = Release|x64
		{053A0704-3AF3-4114-B2D7-80F94CF270B7}.Release|x86.ActiveCfg = Release|Win32
		{053A0704-3AF3-4114-B2D7-80F94CF270B7}.Release|x86.Build.0 = Release|Win32
		{E76ABFFF-A0D4-4175-9DA2-74D109C6FAD0}.Debug|x64.ActiveCfg = Debug|x64
		{E76ABFFF-A0D4-4175-9DA2-74D109C6FAD0}.Debug|x64.Build.0 = Debug|x64
		{E76ABFFF-A0D4-4175-9DA2-74D109C6FAD0}.Debug|x86.ActiveCfg = Debug|Win32
		{E76ABFFF-A0D4-4175-9DA2-74D109C6FAD0}.Debug|x86.Build.0 = Debug|Win32
		{E76ABFFF-A0D4-4175-9DA2-74D109C6FAD0}.Release|x64.ActiveCfg = Release|x64
		{E76ABFFF-A0D4-4175-9DA2-74D109C6FAD0}.Release|x64.Build.0 = Release|x64
		{E76ABFFF-A0D4-4175-9DA2-74D109C6FAD0}.Release|x86.ActiveCfg = Release|Win32
		{E76ABFFF-A0D4-4175-9DA2-74D109C6FAD0}.Release|x86.Build.0 = Release|Win32
		{4D394C33-64B6-430E-87F5-3C8BD769C926}.Debug|x64.ActiveCfg = Debug|x64
		{4D394C33-64B6-430E-87F5-3C8BD769C926}.Debug|x64.Build.0 = Debug|x64
		{4D394C33-64B6-430E-87F5-3C8BD769C926}.Debug|x86.ActiveCfg = Debug|Win32
		{4D394C33-64B6-430E-87F5-3C8BD769C926}.Debug|x86.Build.0 = Debug|Win32
		{4D394C33-64B6-430E-87F5-3C8BD769C926}.Release|x64.ActiveCfg = Release|x64
		{4D394C33-64B6-430E-87F5-3C8BD769C926}.Release|x64.Build.0 = Release|x64
		{4D394C33-64B6-430E-87F5-3C8BD769C926}.Release|x86.ActiveCfg = Release|Win32
		{4D394C33-64B6-430E-87F5-3C8BD769C926}.Release|x86.Build.0 = Release|Win32
	EndGlobalSection
	GlobalSection(SolutionProperties) = preSolution
		HideSolutionNode = FALSE
	EndGlobalSection
	GlobalSection(ExtensibilityGlobals) = postSolution
		SolutionGuid = {0E1E2B21-3FDD-4F0F-9278-64FFD62446A2}
	EndGlobalSection
EndGlobal
